
Microsoft Visual Studio Solution File, Format Version 12.00
# Visual Studio 15
VisualStudioVersion = 15.0.28307.1401
MinimumVisualStudioVersion = 10.0.40219.1
Project("{8BC9CEB8-8B4A-11D0-8D11-00A0C91BC942}") = "http_client", "..\..\src\http_client\http_client.vcxproj", "{E44869E6-66C3-41D9-BCFD-5A15750C4899}"
EndProject
Project("{8BC9CEB8-8B4A-11D0-8D11-00A0C91BC942}") = "http_server", "..\..\src\http_client\http_server\http_server.vcxproj", "{32A14301-3CF4-4A1C-A071-FE1D850ABE4F}"
EndProject
Global
	GlobalSection(SolutionConfigurationPlatforms) = preSolution
		Debug|x64 = Debug|x64
		Debug|x86 = Debug|x86
		Release|x64 = Release|x64
		Release|x86 = Release|x86
	EndGlobalSection
	GlobalSection(ProjectConfigurationPlatforms) = postSolution
		{E44869E6-66C3-41D9-BCFD-5A15750C4899}.Debug|x64.ActiveCfg = Debug|x64
		{E44869E6-66C3-41D9-BCFD-5A15750C4899}.Debug|x64.Build.0 = Debug|x64
		{E44869E6-66C3-41D9-BCFD-5A15750C4899}.Debug|x86.ActiveCfg = Debug|Win32
		{E44869E6-66C3-41D9-BCFD-5A15750C4899}.Debug|x86.Build.0 = Debug|Win32
		{E44869E6-66C3-41D9-BCFD-5A15750C4899}.Release|x64.ActiveCfg = Release|x64
		{E44869E6-66C3-41D9-BCFD-5A15750C4899}.Release|x64.Build.0 = Release|x64
		{E44869E6-66C3-41D9-BCFD-5A15750C4899}.Release|x86.ActiveCfg = Release|Win32
		{E44869E6-66C3-41D9-BCFD-5A15750C4899}.Release|x86.Build.0 = Release|Win32
		{32A14301-3CF4-4A1C-A071-FE1D850ABE4F}.Debug|x64.ActiveCfg = Debug|x64
		{32A14301-3CF4-4A1C-A071-FE1D850ABE4F}.Debug|x64.Build.0 = Debug|x64
		{32A14301-3CF4-4A1C-A071-FE1D850ABE4F}.Debug|x86.ActiveCfg = Debug|Win32
		{32A14301-3CF4-4A1C-A071-FE1D850ABE4F}.Debug|x86.Build.0 = Debug|Win32
		{32A14301-3CF4-4A1C-A071-FE1D850ABE4F}.Release|x64.ActiveCfg = Release|x64
		{32A14301-3CF4-4A1C-A071-FE1D850ABE4F}.Release|x64.Build.0 = Release|x64
		{32A14301-3CF4-4A1C-A071-FE1D850ABE4F}.Release|x86.ActiveCfg = Release|Win32
		{32A14301-3CF4-4A1C-A071-FE1D850ABE4F}.Release|x86.Build.0 = Release|Win32
	EndGlobalSection
	GlobalSection(SolutionProperties) = preSolution
		HideSolutionNode = FALSE
	EndGlobalSection
	GlobalSection(ExtensibilityGlobals) = postSolution
		SolutionGuid = {6EBE37C5-8A88-46BC-8F2D-9E1CF7335C96}
	EndGlobalSection
EndGlobal
